{
    "_readme": [
        "This file locks the dependencies of your project to a known state",
        "Read more about it at https://getcomposer.org/doc/01-basic-usage.md#composer-lock-the-lock-file",
        "This file is @generated automatically"
    ],
    "hash": "f1a487ec1cb01413888fe94a9e13fbef",
    "content-hash": "06c3652bebc9a8df3c60ee923225381a",
    "packages": [
        {
            "name": "barnabywalters